
Microsoft Visual Studio Solution File, Format Version 12.00
# Visual Studio 14
VisualStudioVersion = 14.0.22823.1
MinimumVisualStudioVersion = 10.0.40219.1
Project("{2150E333-8FDC-42A3-9474-1A3956D46DE8}") = "0 - Presentation", "0 - Presentation", "{4DA2EFE1-E78D-4879-AA52-FE9BAEB6C38F}"
EndProject
Project("{2150E333-8FDC-42A3-9474-1A3956D46DE8}") = "1 - Services", "1 - Services", "{A8B9291A-B21B-4025-BAF7-33BC7D6B2535}"
EndProject
Project("{2150E333-8FDC-42A3-9474-1A3956D46DE8}") = "2 - Application", "2 - Application", "{65CCA946-1717-4F30-BF4E-C250F7585ED2}"
EndProject
Project("{2150E333-8FDC-42A3-9474-1A3956D46DE8}") = "3 - Domain", "3 - Domain", "{E1A61C24-2005-4ABC-9015-A6AF5686C202}"
EndProject
Project("{2150E333-8FDC-42A3-9474-1A3956D46DE8}") = "4 - Infra", "4 - Infra", "{34E21BB3-3092-4D00-B353-87F0F0C91800}"
EndProject
Project("{2150E333-8FDC-42A3-9474-1A3956D46DE8}") = "4.1 - Data", "4.1 - Data", "{7840BDA6-46A6-4DBA-8717-D9A742719915}"
EndProject
Project("{FAE04EC0-301F-11D3-BF4B-00C04F79EFBC}") = "EscolaModelo.Tests", "src\EscolaModelo.Tests\EscolaModelo.Tests.csproj", "{A2ADB2C2-799E-43F8-961E-D3F4074E7827}"
EndProject
Project("{FAE04EC0-301F-11D3-BF4B-00C04F79EFBC}") = "EscolaModelo.Domain", "src\EscolaModelo.Domain\EscolaModelo.Domain.csproj", "{2A600372-8CC9-4D65-A580-CD0DD34BD53E}"
EndProject
Project("{FAE04EC0-301F-11D3-BF4B-00C04F79EFBC}") = "EscolaModelo.Console", "src\EscolaModelo.Console\EscolaModelo.Console.csproj", "{3DD26A3E-6D30-4BD0-A627-19CBB900EF2D}"
EndProject
Project("{FAE04EC0-301F-11D3-BF4B-00C04F79EFBC}") = "EscolaModelo.Infra.Data", "src\EscolaModelo.Infra.Data\EscolaModelo.Infra.Data.csproj", "{989069D2-28D9-4A23-9F0E-F67DA743BF08}"
EndProject
Project("{FAE04EC0-301F-11D3-BF4B-00C04F79EFBC}") = "EscolaModelo.UI.Mvc", "src\EscolaModelo.UI.Mvc\EscolaModelo.UI.Mvc.csproj", "{B405E1EF-EE8A-4BE7-9487-04D9C7BC982B}"
EndProject
Global
	GlobalSection(SolutionConfigurationPlatforms) = preSolution
		Debug|Any CPU = Debug|Any CPU
		Release|Any CPU = Release|Any CPU
	EndGlobalSection
	GlobalSection(ProjectConfigurationPlatforms) = postSolution
		{A2ADB2C2-799E-43F8-961E-D3F4074E7827}.Debug|Any CPU.ActiveCfg = Debug|Any CPU
		{A2ADB2C2-799E-43F8-961E-D3F4074E7827}.Debug|Any CPU.Build.0 = Debug|Any CPU
		{A2ADB2C2-799E-43F8-961E-D3F4074E7827}.Release|Any CPU.ActiveCfg = Release|Any CPU
		{A2ADB2C2-799E-43F8-961E-D3F4074E7827}.Release|Any CPU.Build.0 = Release|Any CPU
		{2A600372-8CC9-4D65-A580-CD0DD34BD53E}.Debug|Any CPU.ActiveCfg = Debug|Any CPU
		{2A600372-8CC9-4D65-A580-CD0DD34BD53E}.Debug|Any CPU.Build.0 = Debug|Any CPU
		{2A600372-8CC9-4D65-A580-CD0DD34BD53E}.Release|Any CPU.ActiveCfg = Release|Any CPU
		{2A600372-8CC9-4D65-A580-CD0DD34BD53E}.Release|Any CPU.Build.0 = Release|Any CPU
		{3DD26A3E-6D30-4BD0-A627-19CBB900EF2D}.Debug|Any CPU.ActiveCfg = Debug|Any CPU
		{3DD26A3E-6D30-4BD0-A627-19CBB900EF2D}.Debug|Any CPU.Build.0 = Debug|Any CPU
		{3DD26A3E-6D30-4BD0-A627-19CBB900EF2D}.Release|Any CPU.ActiveCfg = Release|Any CPU
		{3DD26A3E-6D30-4BD0-A627-19CBB900EF2D}.Release|Any CPU.Build.0 = Release|Any CPU
		{989069D2-28D9-4A23-9F0E-F67DA743BF08}.Debug|Any CPU.ActiveCfg = Debug|Any CPU
		{989069D2-28D9-4A23-9F0E-F67DA743BF08}.Debug|Any CPU.Build.0 = Debug|Any CPU
		{989069D2-28D9-4A23-9F0E-F67DA743BF08}.Release|Any CPU.ActiveCfg = Release|Any CPU
		{989069D2-28D9-4A23-9F0E-F67DA743BF08}.Release|Any CPU.Build.0 = Release|Any CPU
		{B405E1EF-EE8A-4BE7-9487-04D9C7BC982B}.Debug|Any CPU.ActiveCfg = Debug|Any CPU
		{B405E1EF-EE8A-4BE7-9487-04D9C7BC982B}.Debug|Any CPU.Build.0 = Debug|Any CPU
		{B405E1EF-EE8A-4BE7-9487-04D9C7BC982B}.Release|Any CPU.ActiveCfg = Release|Any CPU
		{B405E1EF-EE8A-4BE7-9487-04D9C7BC982B}.Release|Any CPU.Build.0 = Release|Any CPU
	EndGlobalSection
	GlobalSection(SolutionProperties) = preSolution
		HideSolutionNode = FALSE
	EndGlobalSection
	GlobalSection(NestedProjects) = preSolution
		{7840BDA6-46A6-4DBA-8717-D9A742719915} = {34E21BB3-3092-4D00-B353-87F0F0C91800}
		{2A600372-8CC9-4D65-A580-CD0DD34BD53E} = {E1A61C24-2005-4ABC-9015-A6AF5686C202}
		{3DD26A3E-6D30-4BD0-A627-19CBB900EF2D} = {4DA2EFE1-E78D-4879-AA52-FE9BAEB6C38F}
		{989069D2-28D9-4A23-9F0E-F67DA743BF08} = {7840BDA6-46A6-4DBA-8717-D9A742719915}
		{B405E1EF-EE8A-4BE7-9487-04D9C7BC982B} = {4DA2EFE1-E78D-4879-AA52-FE9BAEB6C38F}
	EndGlobalSection
EndGlobal
